// !$*UTF8*$!
{
	archiveVersion = 1;
	classes = {
	};
	objectVersion = 45;
	objects = {

/* Begin PBXBuildFile section */
		1D3623260D0F684500981E51 /* SportsManagementAppDelegate.m in Sources */ = {isa = PBXBuildFile; fileRef = 1D3623250D0F684500981E51 /* SportsManagementAppDelegate.m */; };
		1D60589B0D05DD56006BFB54 /* main.m in Sources */ = {isa = PBXBuildFile; fileRef = 29B97316FDCFA39411CA2CEA /* main.m */; };
		1D60589F0D05DD5A006BFB54 /* Foundation.framework in Frameworks */ = {isa = PBXBuildFile; fileRef = 1D30AB110D05D00D00671497 /* Foundation.framework */; };
		1DF5F4E00D08C38300B7A737 /* UIKit.framework in Frameworks */ = {isa = PBXBuildFile; fileRef = 1DF5F4DF0D08C38300B7A737 /* UIKit.framework */; };
		282CCBFE0DB6C98000C4EA27 /* Schedule.xib in Resources */ = {isa = PBXBuildFile; fileRef = 282CCBFD0DB6C98000C4EA27 /* Schedule.xib */; };
		2840D7CE1179279E00D7F93C /* Profile.xib in Resources */ = {isa = PBXBuildFile; fileRef = 2840D7CD1179279E00D7F93C /* Profile.xib */; };
		288765080DF74369002DB57D /* CoreGraphics.framework in Frameworks */ = {isa = PBXBuildFile; fileRef = 288765070DF74369002DB57D /* CoreGraphics.framework */; };
		28AD73880D9D96C1002E5188 /* MainWindow.xib in Resources */ = {isa = PBXBuildFile; fileRef = 28AD73870D9D96C1002E5188 /* MainWindow.xib */; };
		9193B1631280DDBD00C1F08D /* Scores.xib in Resources */ = {isa = PBXBuildFile; fileRef = 9193B1621280DDBD00C1F08D /* Scores.xib */; };
		9193B1651280DDC800C1F08D /* Standings.xib in Resources */ = {isa = PBXBuildFile; fileRef = 9193B1641280DDC800C1F08D /* Standings.xib */; };
		9193B16B1280DE6700C1F08D /* SMStandingsViewController.m in Sources */ = {isa = PBXBuildFile; fileRef = 9193B16A1280DE6700C1F08D /* SMStandingsViewController.m */; };
		9193B1781280DE9700C1F08D /* SMScoresViewController.m in Sources */ = {isa = PBXBuildFile; fileRef = 9193B1771280DE9700C1F08D /* SMScoresViewController.m */; };
		9193B17B1280DEAE00C1F08D /* SMScheduleViewController.m in Sources */ = {isa = PBXBuildFile; fileRef = 9193B17A1280DEAE00C1F08D /* SMScheduleViewController.m */; };
		9193B17E1280DEC600C1F08D /* SMProfileViewController.m in Sources */ = {isa = PBXBuildFile; fileRef = 9193B17D1280DEC600C1F08D /* SMProfileViewController.m */; };
		9193B1981280E41C00C1F08D /* CMLeagueViewController.m in Sources */ = {isa = PBXBuildFile; fileRef = 9193B1971280E41C00C1F08D /* CMLeagueViewController.m */; };
		9193B19B1280E42A00C1F08D /* CMTeamViewController.m in Sources */ = {isa = PBXBuildFile; fileRef = 9193B19A1280E42A00C1F08D /* CMTeamViewController.m */; };
/* End PBXBuildFile section */

/* Begin PBXFileReference section */
		1D30AB110D05D00D00671497 /* Foundation.framework */ = {isa = PBXFileReference; lastKnownFileType = wrapper.framework; name = Foundation.framework; path = System/Library/Frameworks/Foundation.framework; sourceTree = SDKROOT; };
		1D3623240D0F684500981E51 /* SportsManagementAppDelegate.h */ = {isa = PBXFileReference; fileEncoding = 4; lastKnownFileType = sourcecode.c.h; path = SportsManagementAppDelegate.h; sourceTree = "<group>"; };
		1D3623250D0F684500981E51 /* SportsManagementAppDelegate.m */ = {isa = PBXFileReference; fileEncoding = 4; lastKnownFileType = sourcecode.c.objc; path = SportsManagementAppDelegate.m; sourceTree = "<group>"; };
		1D6058910D05DD3D006BFB54 /* SportsManagement.app */ = {isa = PBXFileReference; explicitFileType = wrapper.application; includeInIndex = 0; path = SportsManagement.app; sourceTree = BUILT_PRODUCTS_DIR; };
		1DF5F4DF0D08C38300B7A737 /* UIKit.framework */ = {isa = PBXFileReference; lastKnownFileType = wrapper.framework; name = UIKit.framework; path = System/Library/Frameworks/UIKit.framework; sourceTree = SDKROOT; };
		282CCBFD0DB6C98000C4EA27 /* Schedule.xib */ = {isa = PBXFileReference; lastKnownFileType = file.xib; path = Schedule.xib; sourceTree = "<group>"; };
		2840D7CD1179279E00D7F93C /* Profile.xib */ = {isa = PBXFileReference; lastKnownFileType = file.xib; path = Profile.xib; sourceTree = "<group>"; };
		288765070DF74369002DB57D /* CoreGraphics.framework */ = {isa = PBXFileReference; lastKnownFileType = wrapper.framework; name = CoreGraphics.framework; path = System/Library/Frameworks/CoreGraphics.framework; sourceTree = SDKROOT; };
		28A0AB4B0D9B1048005BE974 /* SportsManagement_Prefix.pch */ = {isa = PBXFileReference; fileEncoding = 4; lastKnownFileType = sourcecode.c.h; path = SportsManagement_Prefix.pch; sourceTree = "<group>"; };
		28AD73870D9D96C1002E5188 /* MainWindow.xib */ = {isa = PBXFileReference; lastKnownFileType = file.xib; path = MainWindow.xib; sourceTree = "<group>"; };
		29B97316FDCFA39411CA2CEA /* main.m */ = {isa = PBXFileReference; fileEncoding = 4; lastKnownFileType = sourcecode.c.objc; path = main.m; sourceTree = "<group>"; };
		8D1107310486CEB800E47090 /* SportsManagement-Info.plist */ = {isa = PBXFileReference; fileEncoding = 4; lastKnownFileType = text.plist.xml; path = "SportsManagement-Info.plist"; plistStructureDefinitionIdentifier = "com.apple.xcode.plist.structure-definition.iphone.info-plist"; sourceTree = "<group>"; };
		9193B1621280DDBD00C1F08D /* Scores.xib */ = {isa = PBXFileReference; lastKnownFileType = file.xib; path = Scores.xib; sourceTree = "<group>"; };
		9193B1641280DDC800C1F08D /* Standings.xib */ = {isa = PBXFileReference; lastKnownFileType = file.xib; path = Standings.xib; sourceTree = "<group>"; };
		9193B1691280DE6700C1F08D /* SMStandingsViewController.h */ = {isa = PBXFileReference; fileEncoding = 4; lastKnownFileType = sourcecode.c.h; path = SMStandingsViewController.h; sourceTree = "<group>"; };
		9193B16A1280DE6700C1F08D /* SMStandingsViewController.m */ = {isa = PBXFileReference; fileEncoding = 4; lastKnownFileType = sourcecode.c.objc; path = SMStandingsViewController.m; sourceTree = "<group>"; };
		9193B1761280DE9700C1F08D /* SMScoresViewController.h */ = {isa = PBXFileReference; fileEncoding = 4; lastKnownFileType = sourcecode.c.h; path = SMScoresViewController.h; sourceTree = "<group>"; };
		9193B1771280DE9700C1F08D /* SMScoresViewController.m */ = {isa = PBXFileReference; fileEncoding = 4; lastKnownFileType = sourcecode.c.objc; path = SMScoresViewController.m; sourceTree = "<group>"; };
		9193B1791280DEAE00C1F08D /* SMScheduleViewController.h */ = {isa = PBXFileReference; fileEncoding = 4; lastKnownFileType = sourcecode.c.h; path = SMScheduleViewController.h; sourceTree = "<group>"; };
		9193B17A1280DEAE00C1F08D /* SMScheduleViewController.m */ = {isa = PBXFileReference; fileEncoding = 4; lastKnownFileType = sourcecode.c.objc; path = SMScheduleViewController.m; sourceTree = "<group>"; };
		9193B17C1280DEC600C1F08D /* SMProfileViewController.h */ = {isa = PBXFileReference; fileEncoding = 4; lastKnownFileType = sourcecode.c.h; path = SMProfileViewController.h; sourceTree = "<group>"; };
		9193B17D1280DEC600C1F08D /* SMProfileViewController.m */ = {isa = PBXFileReference; fileEncoding = 4; lastKnownFileType = sourcecode.c.objc; path = SMProfileViewController.m; sourceTree = "<group>"; };
		9193B1961280E41C00C1F08D /* CMLeagueViewController.h */ = {isa = PBXFileReference; fileEncoding = 4; lastKnownFileType = sourcecode.c.h; path = CMLeagueViewController.h; sourceTree = "<group>"; };
		9193B1971280E41C00C1F08D /* CMLeagueViewController.m */ = {isa = PBXFileReference; fileEncoding = 4; lastKnownFileType = sourcecode.c.objc; path = CMLeagueViewController.m; sourceTree = "<group>"; };
		9193B1991280E42A00C1F08D /* CMTeamViewController.h */ = {isa = PBXFileReference; fileEncoding = 4; lastKnownFileType = sourcecode.c.h; path = CMTeamViewController.h; sourceTree = "<group>"; };
		9193B19A1280E42A00C1F08D /* CMTeamViewController.m */ = {isa = PBXFileReference; fileEncoding = 4; lastKnownFileType = sourcecode.c.objc; path = CMTeamViewController.m; sourceTree = "<group>"; };
/* End PBXFileReference section */

/* Begin PBXFrameworksBuildPhase section */
		1D60588F0D05DD3D006BFB54 /* Frameworks */ = {
			isa = PBXFrameworksBuildPhase;
			buildActionMask = 2147483647;
			files = (
				1D60589F0D05DD5A006BFB54 /* Foundation.framework in Frameworks */,
				1DF5F4E00D08C38300B7A737 /* UIKit.framework in Frameworks */,
				288765080DF74369002DB57D /* CoreGraphics.framework in Frameworks */,
			);
			runOnlyForDeploymentPostprocessing = 0;
		};
/* End PBXFrameworksBuildPhase section */

/* Begin PBXGroup section */
		080E96DDFE201D6D7F000001 /* Classes */ = {
			isa = PBXGroup;
			children = (
				9193B1611280DD2A00C1F08D /* Tabs */,
				9193B1561280CA7D00C1F08D /* Shared */,
				1D3623240D0F684500981E51 /* SportsManagementAppDelegate.h */,
				1D3623250D0F684500981E51 /* SportsManagementAppDelegate.m */,
			);
			path = Classes;
			sourceTree = "<group>";
		};
		19C28FACFE9D520D11CA2CBB /* Products */ = {
			isa = PBXGroup;
			children = (
				1D6058910D05DD3D006BFB54 /* SportsManagement.app */,
			);
			name = Products;
			sourceTree = "<group>";
		};
		29B97314FDCFA39411CA2CEA /* SportsManagement */ = {
			isa = PBXGroup;
			children = (
				080E96DDFE201D6D7F000001 /* Classes */,
				29B97315FDCFA39411CA2CEA /* Other Sources */,
				29B97317FDCFA39411CA2CEA /* Resources */,
				29B97323FDCFA39411CA2CEA /* Frameworks */,
				19C28FACFE9D520D11CA2CBB /* Products */,
			);
			name = SportsManagement;
			sourceTree = "<group>";
		};
		29B97315FDCFA39411CA2CEA /* Other Sources */ = {
			isa = PBXGroup;
			children = (
				28A0AB4B0D9B1048005BE974 /* SportsManagement_Prefix.pch */,
				29B97316FDCFA39411CA2CEA /* main.m */,
			);
			name = "Other Sources";
			sourceTree = "<group>";
		};
		29B97317FDCFA39411CA2CEA /* Resources */ = {
			isa = PBXGroup;
			children = (
				9193B1471280CA2600C1F08D /* Images */,
				9193B1461280CA1D00C1F08D /* XIB */,
				8D1107310486CEB800E47090 /* SportsManagement-Info.plist */,
			);
			name = Resources;
			sourceTree = "<group>";
		};
		29B97323FDCFA39411CA2CEA /* Frameworks */ = {
			isa = PBXGroup;
			children = (
				1DF5F4DF0D08C38300B7A737 /* UIKit.framework */,
				1D30AB110D05D00D00671497 /* Foundation.framework */,
				288765070DF74369002DB57D /* CoreGraphics.framework */,
			);
			name = Frameworks;
			sourceTree = "<group>";
		};
		9193B1461280CA1D00C1F08D /* XIB */ = {
			isa = PBXGroup;
			children = (
				28AD73870D9D96C1002E5188 /* MainWindow.xib */,
				2840D7CD1179279E00D7F93C /* Profile.xib */,
				282CCBFD0DB6C98000C4EA27 /* Schedule.xib */,
				9193B1621280DDBD00C1F08D /* Scores.xib */,
				9193B1641280DDC800C1F08D /* Standings.xib */,
			);
			name = XIB;
			sourceTree = "<group>";
		};
		9193B1471280CA2600C1F08D /* Images */ = {
			isa = PBXGroup;
			children = (
			);
			name = Images;
			sourceTree = "<group>";
		};
		9193B1561280CA7D00C1F08D /* Shared */ = {
			isa = PBXGroup;
			children = (
				9193B1961280E41C00C1F08D /* CMLeagueViewController.h */,
				9193B1971280E41C00C1F08D /* CMLeagueViewController.m */,
				9193B1991280E42A00C1F08D /* CMTeamViewController.h */,
				9193B19A1280E42A00C1F08D /* CMTeamViewController.m */,
			);
			name = Shared;
			sourceTree = "<group>";
		};
		9193B1591280CBFB00C1F08D /* Schedule */ = {
			isa = PBXGroup;
			children = (
				9193B1791280DEAE00C1F08D /* SMScheduleViewController.h */,
				9193B17A1280DEAE00C1F08D /* SMScheduleViewController.m */,
			);
			name = Schedule;
			sourceTree = "<group>";
		};
		9193B15C1280CC0200C1F08D /* Standings */ = {
			isa = PBXGroup;
			children = (
				9193B1691280DE6700C1F08D /* SMStandingsViewController.h */,
				9193B16A1280DE6700C1F08D /* SMStandingsViewController.m */,
			);
			name = Standings;
			sourceTree = "<group>";
		};
		9193B15D1280CC0400C1F08D /* Profile */ = {
			isa = PBXGroup;
			children = (
				9193B17C1280DEC600C1F08D /* SMProfileViewController.h */,
				9193B17D1280DEC600C1F08D /* SMProfileViewController.m */,
			);
			name = Profile;
			sourceTree = "<group>";
		};
		9193B1601280DB9100C1F08D /* Scores */ = {
			isa = PBXGroup;
			children = (
				9193B1761280DE9700C1F08D /* SMScoresViewController.h */,
				9193B1771280DE9700C1F08D /* SMScoresViewController.m */,
			);
			name = Scores;
			sourceTree = "<group>";
		};
		9193B1611280DD2A00C1F08D /* Tabs */ = {
			isa = PBXGroup;
			children = (
				9193B15D1280CC0400C1F08D /* Profile */,
				9193B1591280CBFB00C1F08D /* Schedule */,
				9193B1601280DB9100C1F08D /* Scores */,
				9193B15C1280CC0200C1F08D /* Standings */,
			);
			name = Tabs;
			sourceTree = "<group>";
		};
/* End PBXGroup section */

/* Begin PBXNativeTarget section */
		1D6058900D05DD3D006BFB54 /* SportsManagement */ = {
			isa = PBXNativeTarget;
			buildConfigurationList = 1D6058960D05DD3E006BFB54 /* Build configuration list for PBXNativeTarget "SportsManagement" */;
			buildPhases = (
				1D60588D0D05DD3D006BFB54 /* Resources */,
				1D60588E0D05DD3D006BFB54 /* Sources */,
				1D60588F0D05DD3D006BFB54 /* Frameworks */,
			);
			buildRules = (
			);
			dependencies = (
			);
			name = SportsManagement;
			productName = SportsManagement;
			productReference = 1D6058910D05DD3D006BFB54 /* SportsManagement.app */;
			productType = "com.apple.product-type.application";
		};
/* End PBXNativeTarget section */

/* Begin PBXProject section */
		29B97313FDCFA39411CA2CEA /* Project object */ = {
			isa = PBXProject;
			buildConfigurationList = C01FCF4E08A954540054247B /* Build configuration list for PBXProject "SportsManagement" */;
			compatibilityVersion = "Xcode 3.1";
			developmentRegion = English;
			hasScannedForEncodings = 1;
			knownRegions = (
				English,
				Japanese,
				French,
				German,
			);
			mainGroup = 29B97314FDCFA39411CA2CEA /* SportsManagement */;
			projectDirPath = "";
			projectRoot = "";
			targets = (
				1D6058900D05DD3D006BFB54 /* SportsManagement */,
			);
		};
/* End PBXProject section */

/* Begin PBXResourcesBuildPhase section */
		1D60588D0D05DD3D006BFB54 /* Resources */ = {
			isa = PBXResourcesBuildPhase;
			buildActionMask = 2147483647;
			files = (
				28AD73880D9D96C1002E5188 /* MainWindow.xib in Resources */,
				282CCBFE0DB6C98000C4EA27 /* Schedule.xib in Resources */,
				2840D7CE1179279E00D7F93C /* Profile.xib in Resources */,
				9193B1631280DDBD00C1F08D /* Scores.xib in Resources */,
				9193B1651280DDC800C1F08D /* Standings.xib in Resources */,
			);
			runOnlyForDeploymentPostprocessing = 0;
		};
/* End PBXResourcesBuildPhase section */

/* Begin PBXSourcesBuildPhase section */
		1D60588E0D05DD3D006BFB54 /* Sources */ = {
			isa = PBXSourcesBuildPhase;
			buildActionMask = 2147483647;
			files = (
				1D60589B0D05DD56006BFB54 /* main.m in Sources */,
				1D3623260D0F684500981E51 /* SportsManagementAppDelegate.m in Sources */,
				9193B16B1280DE6700C1F08D /* SMStandingsViewController.m in Sources */,
				9193B1781280DE9700C1F08D /* SMScoresViewController.m in Sources */,
				9193B17B1280DEAE00C1F08D /* SMScheduleViewController.m in Sources */,
				9193B17E1280DEC600C1F08D /* SMProfileViewController.m in Sources */,
				9193B1981280E41C00C1F08D /* CMLeagueViewController.m in Sources */,
				9193B19B1280E42A00C1F08D /* CMTeamViewController.m in Sources */,
			);
			runOnlyForDeploymentPostprocessing = 0;
		};
/* End PBXSourcesBuildPhase section */

/* Begin XCBuildConfiguration section */
		1D6058940D05DD3E006BFB54 /* Debug */ = {
			isa = XCBuildConfiguration;
			buildSettings = {
				ALWAYS_SEARCH_USER_PATHS = NO;
				COPY_PHASE_STRIP = NO;
				GCC_DYNAMIC_NO_PIC = NO;
				GCC_OPTIMIZATION_LEVEL = 0;
				GCC_PRECOMPILE_PREFIX_HEADER = YES;
				GCC_PREFIX_HEADER = SportsManagement_Prefix.pch;
				INFOPLIST_FILE = "SportsManagement-Info.plist";
				PRODUCT_NAME = SportsManagement;
			};
			name = Debug;
		};
		1D6058950D05DD3E006BFB54 /* Release */ = {
			isa = XCBuildConfiguration;
			buildSettings = {
				ALWAYS_SEARCH_USER_PATHS = NO;
				COPY_PHASE_STRIP = YES;
				GCC_PRECOMPILE_PREFIX_HEADER = YES;
				GCC_PREFIX_HEADER = SportsManagement_Prefix.pch;
				INFOPLIST_FILE = "SportsManagement-Info.plist";
				PRODUCT_NAME = SportsManagement;
				VALIDATE_PRODUCT = YES;
			};
			name = Release;
		};
		C01FCF4F08A954540054247B /* Debug */ = {
			isa = XCBuildConfiguration;
			buildSettings = {
				ARCHS = "$(ARCHS_STANDARD_32_BIT)";
				"CODE_SIGN_IDENTITY[sdk=iphoneos*]" = "iPhone Developer";
				GCC_C_LANGUAGE_STANDARD = c99;
				GCC_WARN_ABOUT_RETURN_TYPE = YES;
				GCC_WARN_UNUSED_VARIABLE = YES;
				IPHONEOS_DEPLOYMENT_TARGET = 4.0;
				PREBINDING = NO;
				SDKROOT = iphoneos;
			};
			name = Debug;
		};
		C01FCF5008A954540054247B /* Release */ = {
			isa = XCBuildConfiguration;
			buildSettings = {
				ARCHS = "$(ARCHS_STANDARD_32_BIT)";
				"CODE_SIGN_IDENTITY[sdk=iphoneos*]" = "iPhone Developer";
				GCC_C_LANGUAGE_STANDARD = c99;
				GCC_WARN_ABOUT_RETURN_TYPE = YES;
				GCC_WARN_UNUSED_VARIABLE = YES;
				IPHONEOS_DEPLOYMENT_TARGET = 4.0;
				OTHER_CFLAGS = "-DNS_BLOCK_ASSERTIONS=1";
				PREBINDING = NO;
				SDKROOT = iphoneos;
			};
			name = Release;
		};
/* End XCBuildConfiguration section */

/* Begin XCConfigurationList section */
		1D6058960D05DD3E006BFB54 /* Build configuration list for PBXNativeTarget "SportsManagement" */ = {
			isa = XCConfigurationList;
			buildConfigurations = (
				1D6058940D05DD3E006BFB54 /* Debug */,
				1D6058950D05DD3E006BFB54 /* Release */,
			);
			defaultConfigurationIsVisible = 0;
			defaultConfigurationName = Release;
		};
		C01FCF4E08A954540054247B /* Build configuration list for PBXProject "SportsManagement" */ = {
			isa = XCConfigurationList;
			buildConfigurations = (
				C01FCF4F08A954540054247B /* Debug */,
				C01FCF5008A954540054247B /* Release */,
			);
			defaultConfigurationIsVisible = 0;
			defaultConfigurationName = Release;
		};
/* End XCConfigurationList section */
	};
	rootObject = 29B97313FDCFA39411CA2CEA /* Project object */;
}
